
Microsoft Visual Studio Solution File, Format Version 12.00
# Visual Studio 15
VisualStudioVersion = 15.0.26124.0
MinimumVisualStudioVersion = 15.0.26124.0
Project("{2150E333-8FDC-42A3-9474-1A3956D46DE8}") = "src", "src", "{3A57EE3D-1F06-45CD-B9F2-175C8B648D5B}"
EndProject
Project("{FAE04EC0-301F-11D3-BF4B-00C04F79EFBC}") = "Gradebook", "src\Gradebook\Gradebook.csproj", "{93702252-6F52-431A-BBEC-F61BCB4364DF}"
EndProject
Project("{2150E333-8FDC-42A3-9474-1A3956D46DE8}") = "test", "test", "{1E31CBF7-7C55-4696-84CA-9AB27B612085}"
EndProject
Project("{FAE04EC0-301F-11D3-BF4B-00C04F79EFBC}") = "GradeBook.Test", "test\GradeBook.Test\GradeBook.Test.csproj", "{EFF75045-822B-4444-BD45-B5BFC22DD73C}"
EndProject
Global
	GlobalSection(SolutionConfigurationPlatforms) = preSolution
		Debug|Any CPU = Debug|Any CPU
		Debug|x64 = Debug|x64
		Debug|x86 = Debug|x86
		Release|Any CPU = Release|Any CPU
		Release|x64 = Release|x64
		Release|x86 = Release|x86
	EndGlobalSection
	GlobalSection(SolutionProperties) = preSolution
		HideSolutionNode = FALSE
	EndGlobalSection
	GlobalSection(ProjectConfigurationPlatforms) = postSolution
		{93702252-6F52-431A-BBEC-F61BCB4364DF}.Debug|Any CPU.ActiveCfg = Debug|Any CPU
		{93702252-6F52-431A-BBEC-F61BCB4364DF}.Debug|Any CPU.Build.0 = Debug|Any CPU
		{93702252-6F52-431A-BBEC-F61BCB4364DF}.Debug|x64.ActiveCfg = Debug|Any CPU
		{93702252-6F52-431A-BBEC-F61BCB4364DF}.Debug|x64.Build.0 = Debug|Any CPU
		{93702252-6F52-431A-BBEC-F61BCB4364DF}.Debug|x86.ActiveCfg = Debug|Any CPU
		{93702252-6F52-431A-BBEC-F61BCB4364DF}.Debug|x86.Build.0 = Debug|Any CPU
		{93702252-6F52-431A-BBEC-F61BCB4364DF}.Release|Any CPU.ActiveCfg = Release|Any CPU
		{93702252-6F52-431A-BBEC-F61BCB4364DF}.Release|Any CPU.Build.0 = Release|Any CPU
		{93702252-6F52-431A-BBEC-F61BCB4364DF}.Release|x64.ActiveCfg = Release|Any CPU
		{93702252-6F52-431A-BBEC-F61BCB4364DF}.Release|x64.Build.0 = Release|Any CPU
		{93702252-6F52-431A-BBEC-F61BCB4364DF}.Release|x86.ActiveCfg = Release|Any CPU
		{93702252-6F52-431A-BBEC-F61BCB4364DF}.Release|x86.Build.0 = Release|Any CPU
		{EFF75045-822B-4444-BD45-B5BFC22DD73C}.Debug|Any CPU.ActiveCfg = Debug|Any CPU
		{EFF75045-822B-4444-BD45-B5BFC22DD73C}.Debug|Any CPU.Build.0 = Debug|Any CPU
		{EFF75045-822B-4444-BD45-B5BFC22DD73C}.Debug|x64.ActiveCfg = Debug|Any CPU
		{EFF75045-822B-4444-BD45-B5BFC22DD73C}.Debug|x64.Build.0 = Debug|Any CPU
		{EFF75045-822B-4444-BD45-B5BFC22DD73C}.Debug|x86.ActiveCfg = Debug|Any CPU
		{EFF75045-822B-4444-BD45-B5BFC22DD73C}.Debug|x86.Build.0 = Debug|Any CPU
		{EFF75045-822B-4444-BD45-B5BFC22DD73C}.Release|Any CPU.ActiveCfg = Release|Any CPU
		{EFF75045-822B-4444-BD45-B5BFC22DD73C}.Release|Any CPU.Build.0 = Release|Any CPU
		{EFF75045-822B-4444-BD45-B5BFC22DD73C}.Release|x64.ActiveCfg = Release|Any CPU
		{EFF75045-822B-4444-BD45-B5BFC22DD73C}.Release|x64.Build.0 = Release|Any CPU
		{EFF75045-822B-4444-BD45-B5BFC22DD73C}.Release|x86.ActiveCfg = Release|Any CPU
		{EFF75045-822B-4444-BD45-B5BFC22DD73C}.Release|x86.Build.0 = Release|Any CPU
	EndGlobalSection
	GlobalSection(NestedProjects) = preSolution
		{93702252-6F52-431A-BBEC-F61BCB4364DF} = {3A57EE3D-1F06-45CD-B9F2-175C8B648D5B}
		{EFF75045-822B-4444-BD45-B5BFC22DD73C} = {1E31CBF7-7C55-4696-84CA-9AB27B612085}
	EndGlobalSection
EndGlobal
