
Microsoft Visual Studio Solution File, Format Version 12.00
# Visual Studio Version 16
VisualStudioVersion = 16.0.29411.108
MinimumVisualStudioVersion = 10.0.40219.1
Project("{9A19103F-16F7-4668-BE54-9A1E7A4F7556}") = "CollectionsList", "CollectionsList.csproj", "{24918770-D993-4001-84CE-F96FA6B2FC46}"
EndProject
Global
	GlobalSection(SolutionConfigurationPlatforms) = preSolution
		Debug|Any CPU = Debug|Any CPU
		Release|Any CPU = Release|Any CPU
	EndGlobalSection
	GlobalSection(ProjectConfigurationPlatforms) = postSolution
		{24918770-D993-4001-84CE-F96FA6B2FC46}.Debug|Any CPU.ActiveCfg = Debug|Any CPU
		{24918770-D993-4001-84CE-F96FA6B2FC46}.Debug|Any CPU.Build.0 = Debug|Any CPU
		{24918770-D993-4001-84CE-F96FA6B2FC46}.Release|Any CPU.ActiveCfg = Release|Any CPU
		{24918770-D993-4001-84CE-F96FA6B2FC46}.Release|Any CPU.Build.0 = Release|Any CPU
	EndGlobalSection
	GlobalSection(SolutionProperties) = preSolution
		HideSolutionNode = FALSE
	EndGlobalSection
	GlobalSection(ExtensibilityGlobals) = postSolution
		SolutionGuid = {2F141670-0A8D-4114-AB50-8C2661351E8D}
	EndGlobalSection
EndGlobal
